// !$*UTF8*$!
{
	archiveVersion = 1;
	classes = {
	};
	objectVersion = 45;
	objects = {

/* Begin PBXBuildFile section */
		1D3623260D0F684500981E51 /* LootBagBuilderAppDelegate.m in Sources */ = {isa = PBXBuildFile; fileRef = 1D3623250D0F684500981E51 /* LootBagBuilderAppDelegate.m */; };
		1D60589B0D05DD56006BFB54 /* main.m in Sources */ = {isa = PBXBuildFile; fileRef = 29B97316FDCFA39411CA2CEA /* main.m */; };
		1D60589F0D05DD5A006BFB54 /* Foundation.framework in Frameworks */ = {isa = PBXBuildFile; fileRef = 1D30AB110D05D00D00671497 /* Foundation.framework */; };
		1DF5F4E00D08C38300B7A737 /* UIKit.framework in Frameworks */ = {isa = PBXBuildFile; fileRef = 1DF5F4DF0D08C38300B7A737 /* UIKit.framework */; };
		288765080DF74369002DB57D /* CoreGraphics.framework in Frameworks */ = {isa = PBXBuildFile; fileRef = 288765070DF74369002DB57D /* CoreGraphics.framework */; };
		28AD73880D9D96C1002E5188 /* MainWindow.xib in Resources */ = {isa = PBXBuildFile; fileRef = 28AD73870D9D96C1002E5188 /* MainWindow.xib */; };
		5D07F7B1130DCC84002BF2EE /* JPImagePickerController.m in Sources */ = {isa = PBXBuildFile; fileRef = 5D07F7A8130DCC84002BF2EE /* JPImagePickerController.m */; };
		5D07F7B2130DCC84002BF2EE /* JPImagePickerDetailController.m in Sources */ = {isa = PBXBuildFile; fileRef = 5D07F7AA130DCC84002BF2EE /* JPImagePickerDetailController.m */; };
		5D07F7B3130DCC84002BF2EE /* JPImagePickerDetailController.xib in Resources */ = {isa = PBXBuildFile; fileRef = 5D07F7AB130DCC84002BF2EE /* JPImagePickerDetailController.xib */; };
		5D07F7B4130DCC84002BF2EE /* JPImagePickerOverviewController.m in Sources */ = {isa = PBXBuildFile; fileRef = 5D07F7AD130DCC84002BF2EE /* JPImagePickerOverviewController.m */; };
		5D07F7B5130DCC84002BF2EE /* JPImagePickerOverviewController.xib in Resources */ = {isa = PBXBuildFile; fileRef = 5D07F7AE130DCC84002BF2EE /* JPImagePickerOverviewController.xib */; };
		5D07F7B6130DCC84002BF2EE /* UIImageResizing.m in Sources */ = {isa = PBXBuildFile; fileRef = 5D07F7B0130DCC84002BF2EE /* UIImageResizing.m */; };
		5D07F8FB130EE43E002BF2EE /* icon1001.png in Resources */ = {isa = PBXBuildFile; fileRef = 5D07F8E0130EE43E002BF2EE /* icon1001.png */; };
		5D07F8FC130EE43E002BF2EE /* icon1002.png in Resources */ = {isa = PBXBuildFile; fileRef = 5D07F8E1130EE43E002BF2EE /* icon1002.png */; };
		5D07F8FD130EE43E002BF2EE /* icon1003.png in Resources */ = {isa = PBXBuildFile; fileRef = 5D07F8E2130EE43E002BF2EE /* icon1003.png */; };
		5D07F8FE130EE43E002BF2EE /* icon1004.png in Resources */ = {isa = PBXBuildFile; fileRef = 5D07F8E3130EE43E002BF2EE /* icon1004.png */; };
		5D07F8FF130EE43E002BF2EE /* icon1005.png in Resources */ = {isa = PBXBuildFile; fileRef = 5D07F8E4130EE43E002BF2EE /* icon1005.png */; };
		5D07F900130EE43E002BF2EE /* icon1006.png in Resources */ = {isa = PBXBuildFile; fileRef = 5D07F8E5130EE43E002BF2EE /* icon1006.png */; };
		5D07F901130EE43E002BF2EE /* icon1007.png in Resources */ = {isa = PBXBuildFile; fileRef = 5D07F8E6130EE43E002BF2EE /* icon1007.png */; };
		5D07F902130EE43E002BF2EE /* icon1008.png in Resources */ = {isa = PBXBuildFile; fileRef = 5D07F8E7130EE43E002BF2EE /* icon1008.png */; };
		5D07F903130EE43E002BF2EE /* icon1009.png in Resources */ = {isa = PBXBuildFile; fileRef = 5D07F8E8130EE43E002BF2EE /* icon1009.png */; };
		5D07F904130EE43E002BF2EE /* icon1010.png in Resources */ = {isa = PBXBuildFile; fileRef = 5D07F8E9130EE43E002BF2EE /* icon1010.png */; };
		5D07F905130EE43E002BF2EE /* icon1011.png in Resources */ = {isa = PBXBuildFile; fileRef = 5D07F8EA130EE43E002BF2EE /* icon1011.png */; };
		5D07F906130EE43E002BF2EE /* icon1012.png in Resources */ = {isa = PBXBuildFile; fileRef = 5D07F8EB130EE43E002BF2EE /* icon1012.png */; };
		5D07F907130EE43E002BF2EE /* icon1014.png in Resources */ = {isa = PBXBuildFile; fileRef = 5D07F8EC130EE43E002BF2EE /* icon1014.png */; };
		5D07F908130EE43E002BF2EE /* icon1015.png in Resources */ = {isa = PBXBuildFile; fileRef = 5D07F8ED130EE43E002BF2EE /* icon1015.png */; };
		5D07F909130EE43E002BF2EE /* icon1016.png in Resources */ = {isa = PBXBuildFile; fileRef = 5D07F8EE130EE43E002BF2EE /* icon1016.png */; };
		5D07F90A130EE43E002BF2EE /* icon1017.png in Resources */ = {isa = PBXBuildFile; fileRef = 5D07F8EF130EE43E002BF2EE /* icon1017.png */; };
		5D07F90B130EE43E002BF2EE /* icon1018.png in Resources */ = {isa = PBXBuildFile; fileRef = 5D07F8F0130EE43E002BF2EE /* icon1018.png */; };
		5D07F90C130EE43E002BF2EE /* icon1019.png in Resources */ = {isa = PBXBuildFile; fileRef = 5D07F8F1130EE43E002BF2EE /* icon1019.png */; };
		5D07F90D130EE43E002BF2EE /* icon1020.png in Resources */ = {isa = PBXBuildFile; fileRef = 5D07F8F2130EE43E002BF2EE /* icon1020.png */; };
		5D07F90E130EE43E002BF2EE /* icon1021.png in Resources */ = {isa = PBXBuildFile; fileRef = 5D07F8F3130EE43E002BF2EE /* icon1021.png */; };
		5D07F90F130EE43E002BF2EE /* icon1022.png in Resources */ = {isa = PBXBuildFile; fileRef = 5D07F8F4130EE43E002BF2EE /* icon1022.png */; };
		5D07F910130EE43E002BF2EE /* icon1023.png in Resources */ = {isa = PBXBuildFile; fileRef = 5D07F8F5130EE43E002BF2EE /* icon1023.png */; };
		5D07F911130EE43E002BF2EE /* icon1024.png in Resources */ = {isa = PBXBuildFile; fileRef = 5D07F8F6130EE43E002BF2EE /* icon1024.png */; };
		5D07F912130EE43E002BF2EE /* icon1025.png in Resources */ = {isa = PBXBuildFile; fileRef = 5D07F8F7130EE43E002BF2EE /* icon1025.png */; };
		5D07F913130EE43E002BF2EE /* icon1026.png in Resources */ = {isa = PBXBuildFile; fileRef = 5D07F8F8130EE43E002BF2EE /* icon1026.png */; };
		5D07F914130EE43E002BF2EE /* icon1027.png in Resources */ = {isa = PBXBuildFile; fileRef = 5D07F8F9130EE43E002BF2EE /* icon1027.png */; };
		5D07F915130EE43E002BF2EE /* icon1013.png in Resources */ = {isa = PBXBuildFile; fileRef = 5D07F8FA130EE43E002BF2EE /* icon1013.png */; };
		5D07F954130EFACD002BF2EE /* large1001.png in Resources */ = {isa = PBXBuildFile; fileRef = 5D07F939130EFACD002BF2EE /* large1001.png */; };
		5D07F955130EFACD002BF2EE /* large1002.png in Resources */ = {isa = PBXBuildFile; fileRef = 5D07F93A130EFACD002BF2EE /* large1002.png */; };
		5D07F956130EFACD002BF2EE /* large1003.png in Resources */ = {isa = PBXBuildFile; fileRef = 5D07F93B130EFACD002BF2EE /* large1003.png */; };
		5D07F957130EFACD002BF2EE /* large1004.png in Resources */ = {isa = PBXBuildFile; fileRef = 5D07F93C130EFACD002BF2EE /* large1004.png */; };
		5D07F958130EFACD002BF2EE /* large1005.png in Resources */ = {isa = PBXBuildFile; fileRef = 5D07F93D130EFACD002BF2EE /* large1005.png */; };
		5D07F959130EFACD002BF2EE /* large1006.png in Resources */ = {isa = PBXBuildFile; fileRef = 5D07F93E130EFACD002BF2EE /* large1006.png */; };
		5D07F95A130EFACD002BF2EE /* large1007.png in Resources */ = {isa = PBXBuildFile; fileRef = 5D07F93F130EFACD002BF2EE /* large1007.png */; };
		5D07F95B130EFACD002BF2EE /* large1008.png in Resources */ = {isa = PBXBuildFile; fileRef = 5D07F940130EFACD002BF2EE /* large1008.png */; };
		5D07F95C130EFACD002BF2EE /* large1009.png in Resources */ = {isa = PBXBuildFile; fileRef = 5D07F941130EFACD002BF2EE /* large1009.png */; };
		5D07F95D130EFACD002BF2EE /* large1010.png in Resources */ = {isa = PBXBuildFile; fileRef = 5D07F942130EFACD002BF2EE /* large1010.png */; };
		5D07F95E130EFACD002BF2EE /* large1011.png in Resources */ = {isa = PBXBuildFile; fileRef = 5D07F943130EFACD002BF2EE /* large1011.png */; };
		5D07F95F130EFACD002BF2EE /* large1012.png in Resources */ = {isa = PBXBuildFile; fileRef = 5D07F944130EFACD002BF2EE /* large1012.png */; };
		5D07F960130EFACD002BF2EE /* large1013.png in Resources */ = {isa = PBXBuildFile; fileRef = 5D07F945130EFACD002BF2EE /* large1013.png */; };
		5D07F961130EFACD002BF2EE /* large1014.png in Resources */ = {isa = PBXBuildFile; fileRef = 5D07F946130EFACD002BF2EE /* large1014.png */; };
		5D07F962130EFACD002BF2EE /* large1015.png in Resources */ = {isa = PBXBuildFile; fileRef = 5D07F947130EFACD002BF2EE /* large1015.png */; };
		5D07F963130EFACD002BF2EE /* large1016.png in Resources */ = {isa = PBXBuildFile; fileRef = 5D07F948130EFACD002BF2EE /* large1016.png */; };
		5D07F964130EFACD002BF2EE /* large1017.png in Resources */ = {isa = PBXBuildFile; fileRef = 5D07F949130EFACD002BF2EE /* large1017.png */; };
		5D07F965130EFACD002BF2EE /* large1018.png in Resources */ = {isa = PBXBuildFile; fileRef = 5D07F94A130EFACD002BF2EE /* large1018.png */; };
		5D07F966130EFACD002BF2EE /* large1019.png in Resources */ = {isa = PBXBuildFile; fileRef = 5D07F94B130EFACD002BF2EE /* large1019.png */; };
		5D07F967130EFACD002BF2EE /* large1020.png in Resources */ = {isa = PBXBuildFile; fileRef = 5D07F94C130EFACD002BF2EE /* large1020.png */; };
		5D07F968130EFACD002BF2EE /* large1021.png in Resources */ = {isa = PBXBuildFile; fileRef = 5D07F94D130EFACD002BF2EE /* large1021.png */; };
		5D07F969130EFACD002BF2EE /* large1022.png in Resources */ = {isa = PBXBuildFile; fileRef = 5D07F94E130EFACD002BF2EE /* large1022.png */; };
		5D07F96A130EFACD002BF2EE /* large1023.png in Resources */ = {isa = PBXBuildFile; fileRef = 5D07F94F130EFACD002BF2EE /* large1023.png */; };
		5D07F96B130EFACD002BF2EE /* large1024.png in Resources */ = {isa = PBXBuildFile; fileRef = 5D07F950130EFACD002BF2EE /* large1024.png */; };
		5D07F96C130EFACD002BF2EE /* large1025.png in Resources */ = {isa = PBXBuildFile; fileRef = 5D07F951130EFACD002BF2EE /* large1025.png */; };
		5D07F96D130EFACD002BF2EE /* large1026.png in Resources */ = {isa = PBXBuildFile; fileRef = 5D07F952130EFACD002BF2EE /* large1026.png */; };
		5D07F96E130EFACD002BF2EE /* large1027.png in Resources */ = {isa = PBXBuildFile; fileRef = 5D07F953130EFACD002BF2EE /* large1027.png */; };
		5D2945A31318324F00B61B40 /* PartyAttendeeDetailsViewController.m in Sources */ = {isa = PBXBuildFile; fileRef = 5D2945A11318324F00B61B40 /* PartyAttendeeDetailsViewController.m */; };
		5D2945A41318324F00B61B40 /* PartyAttendeeDetailsViewController.xib in Resources */ = {isa = PBXBuildFile; fileRef = 5D2945A21318324F00B61B40 /* PartyAttendeeDetailsViewController.xib */; };
		5D3E1CA013159C4B001FA55C /* unselected.png in Resources */ = {isa = PBXBuildFile; fileRef = 5D3E1C9E13159C4B001FA55C /* unselected.png */; };
		5D3E1CA113159C4B001FA55C /* selected.png in Resources */ = {isa = PBXBuildFile; fileRef = 5D3E1C9F13159C4B001FA55C /* selected.png */; };
		5D3E1CA513159D10001FA55C /* disabled.png in Resources */ = {isa = PBXBuildFile; fileRef = 5D3E1CA413159D10001FA55C /* disabled.png */; };
		5D3E1E051316B25A001FA55C /* MBProgressHUD.m in Sources */ = {isa = PBXBuildFile; fileRef = 5D3E1E041316B25A001FA55C /* MBProgressHUD.m */; };
		5D8C1E75131D7479009681AE /* Lootbag.xcdatamodel in Sources */ = {isa = PBXBuildFile; fileRef = 5D8C1E74131D7479009681AE /* Lootbag.xcdatamodel */; };
		5D8C1EA4131D918D009681AE /* Party.m in Sources */ = {isa = PBXBuildFile; fileRef = 5D8C1E9C131D918D009681AE /* Party.m */; };
		5D8C1EA5131D918D009681AE /* Attendee.m in Sources */ = {isa = PBXBuildFile; fileRef = 5D8C1E9E131D918D009681AE /* Attendee.m */; };
		5D8C1EA6131D918D009681AE /* _Party.m in Sources */ = {isa = PBXBuildFile; fileRef = 5D8C1EA0131D918D009681AE /* _Party.m */; };
		5D8C1EA7131D918D009681AE /* _Attendee.m in Sources */ = {isa = PBXBuildFile; fileRef = 5D8C1EA3131D918D009681AE /* _Attendee.m */; };
		5D8C1EF5131D991F009681AE /* CoreData.framework in Frameworks */ = {isa = PBXBuildFile; fileRef = 5D8C1EF4131D991F009681AE /* CoreData.framework */; };
		5D8C738313099D2300B16670 /* Default.png in Resources */ = {isa = PBXBuildFile; fileRef = 5D8C738213099D2300B16670 /* Default.png */; };
		5D8C7434130B0E0A00B16670 /* PartyDateViewController.m in Sources */ = {isa = PBXBuildFile; fileRef = 5D8C7432130B0E0A00B16670 /* PartyDateViewController.m */; };
		5D8C7435130B0E0B00B16670 /* PartyDateViewController.xib in Resources */ = {isa = PBXBuildFile; fileRef = 5D8C7433130B0E0A00B16670 /* PartyDateViewController.xib */; };
		5D8C7444130B100100B16670 /* PartyForViewController.m in Sources */ = {isa = PBXBuildFile; fileRef = 5D8C7442130B100100B16670 /* PartyForViewController.m */; };
		5D8C7445130B100100B16670 /* PartyForViewController.xib in Resources */ = {isa = PBXBuildFile; fileRef = 5D8C7443130B100100B16670 /* PartyForViewController.xib */; };
		5D8C745B130B112300B16670 /* PartyAttendeesViewController.m in Sources */ = {isa = PBXBuildFile; fileRef = 5D8C7459130B112300B16670 /* PartyAttendeesViewController.m */; };
		5D8C745C130B112300B16670 /* PartyAttendeesViewController.xib in Resources */ = {isa = PBXBuildFile; fileRef = 5D8C745A130B112300B16670 /* PartyAttendeesViewController.xib */; };
		5D8C74B7130B1E7D00B16670 /* AddPartyGoerController.m in Sources */ = {isa = PBXBuildFile; fileRef = 5D8C74B5130B1E7D00B16670 /* AddPartyGoerController.m */; };
		5D8C74B8130B1E7D00B16670 /* AddPartyGoerController.xib in Resources */ = {isa = PBXBuildFile; fileRef = 5D8C74B6130B1E7D00B16670 /* AddPartyGoerController.xib */; };
		5DB8129B1316E06000C1A6B2 /* done-button-teal.png in Resources */ = {isa = PBXBuildFile; fileRef = 5DB812981316E06000C1A6B2 /* done-button-teal.png */; };
		5DB8129C1316E06000C1A6B2 /* done-button-pink.png in Resources */ = {isa = PBXBuildFile; fileRef = 5DB812991316E06000C1A6B2 /* done-button-pink.png */; };
		5DB8129D1316E06000C1A6B2 /* done-button-purple.png in Resources */ = {isa = PBXBuildFile; fileRef = 5DB8129A1316E06000C1A6B2 /* done-button-purple.png */; };
		5DB812B213170E6400C1A6B2 /* choose_a_design.png in Resources */ = {isa = PBXBuildFile; fileRef = 5DB812B113170E6400C1A6B2 /* choose_a_design.png */; };
		D1173C2213020EC100B0CF2A /* OrderViewController.m in Sources */ = {isa = PBXBuildFile; fileRef = D1173C2013020EC100B0CF2A /* OrderViewController.m */; };
		D1173C2313020EC100B0CF2A /* OrderViewController.xib in Resources */ = {isa = PBXBuildFile; fileRef = D1173C2113020EC100B0CF2A /* OrderViewController.xib */; };
		D1173C2E1302108100B0CF2A /* PartyListViewController.m in Sources */ = {isa = PBXBuildFile; fileRef = D1173C2C1302108100B0CF2A /* PartyListViewController.m */; };
		D1173C2F1302108100B0CF2A /* PartyListViewController.xib in Resources */ = {isa = PBXBuildFile; fileRef = D1173C2D1302108100B0CF2A /* PartyListViewController.xib */; };
		D1173CB613021AD200B0CF2A /* PartyDetailsViewController.m in Sources */ = {isa = PBXBuildFile; fileRef = D1173CB413021AD200B0CF2A /* PartyDetailsViewController.m */; };
		D1173CB713021AD200B0CF2A /* PartyDetailsViewController.xib in Resources */ = {isa = PBXBuildFile; fileRef = D1173CB513021AD200B0CF2A /* PartyDetailsViewController.xib */; };
/* End PBXBuildFile section */

/* Begin PBXFileReference section */
		1D30AB110D05D00D00671497 /* Foundation.framework */ = {isa = PBXFileReference; lastKnownFileType = wrapper.framework; name = Foundation.framework; path = System/Library/Frameworks/Foundation.framework; sourceTree = SDKROOT; };
		1D3623240D0F684500981E51 /* LootBagBuilderAppDelegate.h */ = {isa = PBXFileReference; fileEncoding = 4; lastKnownFileType = sourcecode.c.h; path = LootBagBuilderAppDelegate.h; sourceTree = "<group>"; };
		1D3623250D0F684500981E51 /* LootBagBuilderAppDelegate.m */ = {isa = PBXFileReference; fileEncoding = 4; lastKnownFileType = sourcecode.c.objc; path = LootBagBuilderAppDelegate.m; sourceTree = "<group>"; };
		1D6058910D05DD3D006BFB54 /* LootBagBuilder.app */ = {isa = PBXFileReference; explicitFileType = wrapper.application; includeInIndex = 0; path = LootBagBuilder.app; sourceTree = BUILT_PRODUCTS_DIR; };
		1DF5F4DF0D08C38300B7A737 /* UIKit.framework */ = {isa = PBXFileReference; lastKnownFileType = wrapper.framework; name = UIKit.framework; path = System/Library/Frameworks/UIKit.framework; sourceTree = SDKROOT; };
		288765070DF74369002DB57D /* CoreGraphics.framework */ = {isa = PBXFileReference; lastKnownFileType = wrapper.framework; name = CoreGraphics.framework; path = System/Library/Frameworks/CoreGraphics.framework; sourceTree = SDKROOT; };
		28A0AB4B0D9B1048005BE974 /* LootBagBuilder_Prefix.pch */ = {isa = PBXFileReference; fileEncoding = 4; lastKnownFileType = sourcecode.c.h; path = LootBagBuilder_Prefix.pch; sourceTree = "<group>"; };
		28AD73870D9D96C1002E5188 /* MainWindow.xib */ = {isa = PBXFileReference; lastKnownFileType = file.xib; path = MainWindow.xib; sourceTree = "<group>"; };
		29B97316FDCFA39411CA2CEA /* main.m */ = {isa = PBXFileReference; fileEncoding = 4; lastKnownFileType = sourcecode.c.objc; path = main.m; sourceTree = "<group>"; };
		5D07F7A7130DCC84002BF2EE /* JPImagePickerController.h */ = {isa = PBXFileReference; fileEncoding = 4; lastKnownFileType = sourcecode.c.h; name = JPImagePickerController.h; path = Classes/JPImagePickerController.h; sourceTree = SOURCE_ROOT; };
		5D07F7A8130DCC84002BF2EE /* JPImagePickerController.m */ = {isa = PBXFileReference; fileEncoding = 4; lastKnownFileType = sourcecode.c.objc; name = JPImagePickerController.m; path = Classes/JPImagePickerController.m; sourceTree = SOURCE_ROOT; };
		5D07F7A9130DCC84002BF2EE /* JPImagePickerDetailController.h */ = {isa = PBXFileReference; fileEncoding = 4; lastKnownFileType = sourcecode.c.h; name = JPImagePickerDetailController.h; path = Classes/JPImagePickerDetailController.h; sourceTree = SOURCE_ROOT; };
		5D07F7AA130DCC84002BF2EE /* JPImagePickerDetailController.m */ = {isa = PBXFileReference; fileEncoding = 4; lastKnownFileType = sourcecode.c.objc; name = JPImagePickerDetailController.m; path = Classes/JPImagePickerDetailController.m; sourceTree = SOURCE_ROOT; };
		5D07F7AB130DCC84002BF2EE /* JPImagePickerDetailController.xib */ = {isa = PBXFileReference; lastKnownFileType = file.xib; name = JPImagePickerDetailController.xib; path = Classes/JPImagePickerDetailController.xib; sourceTree = SOURCE_ROOT; };
		5D07F7AC130DCC84002BF2EE /* JPImagePickerOverviewController.h */ = {isa = PBXFileReference; fileEncoding = 4; lastKnownFileType = sourcecode.c.h; name = JPImagePickerOverviewController.h; path = Classes/JPImagePickerOverviewController.h; sourceTree = SOURCE_ROOT; };
		5D07F7AD130DCC84002BF2EE /* JPImagePickerOverviewController.m */ = {isa = PBXFileReference; fileEncoding = 4; lastKnownFileType = sourcecode.c.objc; name = JPImagePickerOverviewController.m; path = Classes/JPImagePickerOverviewController.m; sourceTree = SOURCE_ROOT; };
		5D07F7AE130DCC84002BF2EE /* JPImagePickerOverviewController.xib */ = {isa = PBXFileReference; lastKnownFileType = file.xib; name = JPImagePickerOverviewController.xib; path = Classes/JPImagePickerOverviewController.xib; sourceTree = SOURCE_ROOT; };
		5D07F7AF130DCC84002BF2EE /* UIImageResizing.h */ = {isa = PBXFileReference; fileEncoding = 4; lastKnownFileType = sourcecode.c.h; name = UIImageResizing.h; path = Classes/UIImageResizing.h; sourceTree = SOURCE_ROOT; };
		5D07F7B0130DCC84002BF2EE /* UIImageResizing.m */ = {isa = PBXFileReference; fileEncoding = 4; lastKnownFileType = sourcecode.c.objc; name = UIImageResizing.m; path = Classes/UIImageResizing.m; sourceTree = SOURCE_ROOT; };
		5D07F8E0130EE43E002BF2EE /* icon1001.png */ = {isa = PBXFileReference; lastKnownFileType = image.png; path = icon1001.png; sourceTree = SOURCE_ROOT; };
		5D07F8E1130EE43E002BF2EE /* icon1002.png */ = {isa = PBXFileReference; lastKnownFileType = image.png; path = icon1002.png; sourceTree = SOURCE_ROOT; };
		5D07F8E2130EE43E002BF2EE /* icon1003.png */ = {isa = PBXFileReference; lastKnownFileType = image.png; path = icon1003.png; sourceTree = SOURCE_ROOT; };
		5D07F8E3130EE43E002BF2EE /* icon1004.png */ = {isa = PBXFileReference; lastKnownFileType = image.png; path = icon1004.png; sourceTree = SOURCE_ROOT; };
		5D07F8E4130EE43E002BF2EE /* icon1005.png */ = {isa = PBXFileReference; lastKnownFileType = image.png; path = icon1005.png; sourceTree = SOURCE_ROOT; };
		5D07F8E5130EE43E002BF2EE /* icon1006.png */ = {isa = PBXFileReference; lastKnownFileType = image.png; path = icon1006.png; sourceTree = SOURCE_ROOT; };
		5D07F8E6130EE43E002BF2EE /* icon1007.png */ = {isa = PBXFileReference; lastKnownFileType = image.png; path = icon1007.png; sourceTree = SOURCE_ROOT; };
		5D07F8E7130EE43E002BF2EE /* icon1008.png */ = {isa = PBXFileReference; lastKnownFileType = image.png; path = icon1008.png; sourceTree = SOURCE_ROOT; };
		5D07F8E8130EE43E002BF2EE /* icon1009.png */ = {isa = PBXFileReference; lastKnownFileType = image.png; path = icon1009.png; sourceTree = SOURCE_ROOT; };
		5D07F8E9130EE43E002BF2EE /* icon1010.png */ = {isa = PBXFileReference; lastKnownFileType = image.png; path = icon1010.png; sourceTree = SOURCE_ROOT; };
		5D07F8EA130EE43E002BF2EE /* icon1011.png */ = {isa = PBXFileReference; lastKnownFileType = image.png; path = icon1011.png; sourceTree = SOURCE_ROOT; };
		5D07F8EB130EE43E002BF2EE /* icon1012.png */ = {isa = PBXFileReference; lastKnownFileType = image.png; path = icon1012.png; sourceTree = SOURCE_ROOT; };
		5D07F8EC130EE43E002BF2EE /* icon1014.png */ = {isa = PBXFileReference; lastKnownFileType = image.png; path = icon1014.png; sourceTree = SOURCE_ROOT; };
		5D07F8ED130EE43E002BF2EE /* icon1015.png */ = {isa = PBXFileReference; lastKnownFileType = image.png; path = icon1015.png; sourceTree = SOURCE_ROOT; };
		5D07F8EE130EE43E002BF2EE /* icon1016.png */ = {isa = PBXFileReference; lastKnownFileType = image.png; path = icon1016.png; sourceTree = SOURCE_ROOT; };
		5D07F8EF130EE43E002BF2EE /* icon1017.png */ = {isa = PBXFileReference; lastKnownFileType = image.png; path = icon1017.png; sourceTree = SOURCE_ROOT; };
		5D07F8F0130EE43E002BF2EE /* icon1018.png */ = {isa = PBXFileReference; lastKnownFileType = image.png; path = icon1018.png; sourceTree = SOURCE_ROOT; };
		5D07F8F1130EE43E002BF2EE /* icon1019.png */ = {isa = PBXFileReference; lastKnownFileType = image.png; path = icon1019.png; sourceTree = SOURCE_ROOT; };
		5D07F8F2130EE43E002BF2EE /* icon1020.png */ = {isa = PBXFileReference; lastKnownFileType = image.png; path = icon1020.png; sourceTree = SOURCE_ROOT; };
		5D07F8F3130EE43E002BF2EE /* icon1021.png */ = {isa = PBXFileReference; lastKnownFileType = image.png; path = icon1021.png; sourceTree = SOURCE_ROOT; };
		5D07F8F4130EE43E002BF2EE /* icon1022.png */ = {isa = PBXFileReference; lastKnownFileType = image.png; path = icon1022.png; sourceTree = SOURCE_ROOT; };
		5D07F8F5130EE43E002BF2EE /* icon1023.png */ = {isa = PBXFileReference; lastKnownFileType = image.png; path = icon1023.png; sourceTree = SOURCE_ROOT; };
		5D07F8F6130EE43E002BF2EE /* icon1024.png */ = {isa = PBXFileReference; lastKnownFileType = image.png; path = icon1024.png; sourceTree = SOURCE_ROOT; };
		5D07F8F7130EE43E002BF2EE /* icon1025.png */ = {isa = PBXFileReference; lastKnownFileType = image.png; path = icon1025.png; sourceTree = SOURCE_ROOT; };
		5D07F8F8130EE43E002BF2EE /* icon1026.png */ = {isa = PBXFileReference; lastKnownFileType = image.png; path = icon1026.png; sourceTree = SOURCE_ROOT; };
		5D07F8F9130EE43E002BF2EE /* icon1027.png */ = {isa = PBXFileReference; lastKnownFileType = image.png; path = icon1027.png; sourceTree = SOURCE_ROOT; };
		5D07F8FA130EE43E002BF2EE /* icon1013.png */ = {isa = PBXFileReference; lastKnownFileType = image.png; path = icon1013.png; sourceTree = "<group>"; };
		5D07F939130EFACD002BF2EE /* large1001.png */ = {isa = PBXFileReference; lastKnownFileType = image.png; path = large1001.png; sourceTree = SOURCE_ROOT; };
		5D07F93A130EFACD002BF2EE /* large1002.png */ = {isa = PBXFileReference; lastKnownFileType = image.png; path = large1002.png; sourceTree = SOURCE_ROOT; };
		5D07F93B130EFACD002BF2EE /* large1003.png */ = {isa = PBXFileReference; lastKnownFileType = image.png; path = large1003.png; sourceTree = SOURCE_ROOT; };
		5D07F93C130EFACD002BF2EE /* large1004.png */ = {isa = PBXFileReference; lastKnownFileType = image.png; path = large1004.png; sourceTree = SOURCE_ROOT; };
		5D07F93D130EFACD002BF2EE /* large1005.png */ = {isa = PBXFileReference; lastKnownFileType = image.png; path = large1005.png; sourceTree = SOURCE_ROOT; };
		5D07F93E130EFACD002BF2EE /* large1006.png */ = {isa = PBXFileReference; lastKnownFileType = image.png; path = large1006.png; sourceTree = SOURCE_ROOT; };
		5D07F93F130EFACD002BF2EE /* large1007.png */ = {isa = PBXFileReference; lastKnownFileType = image.png; path = large1007.png; sourceTree = SOURCE_ROOT; };
		5D07F940130EFACD002BF2EE /* large1008.png */ = {isa = PBXFileReference; lastKnownFileType = image.png; path = large1008.png; sourceTree = SOURCE_ROOT; };
		5D07F941130EFACD002BF2EE /* large1009.png */ = {isa = PBXFileReference; lastKnownFileType = image.png; path = large1009.png; sourceTree = SOURCE_ROOT; };
		5D07F942130EFACD002BF2EE /* large1010.png */ = {isa = PBXFileReference; lastKnownFileType = image.png; path = large1010.png; sourceTree = SOURCE_ROOT; };
		5D07F943130EFACD002BF2EE /* large1011.png */ = {isa = PBXFileReference; lastKnownFileType = image.png; path = large1011.png; sourceTree = SOURCE_ROOT; };
		5D07F944130EFACD002BF2EE /* large1012.png */ = {isa = PBXFileReference; lastKnownFileType = image.png; path = large1012.png; sourceTree = SOURCE_ROOT; };
		5D07F945130EFACD002BF2EE /* large1013.png */ = {isa = PBXFileReference; lastKnownFileType = image.png; path = large1013.png; sourceTree = SOURCE_ROOT; };
		5D07F946130EFACD002BF2EE /* large1014.png */ = {isa = PBXFileReference; lastKnownFileType = image.png; path = large1014.png; sourceTree = SOURCE_ROOT; };
		5D07F947130EFACD002BF2EE /* large1015.png */ = {isa = PBXFileReference; lastKnownFileType = image.png; path = large1015.png; sourceTree = SOURCE_ROOT; };
		5D07F948130EFACD002BF2EE /* large1016.png */ = {isa = PBXFileReference; lastKnownFileType = image.png; path = large1016.png; sourceTree = SOURCE_ROOT; };
		5D07F949130EFACD002BF2EE /* large1017.png */ = {isa = PBXFileReference; lastKnownFileType = image.png; path = large1017.png; sourceTree = SOURCE_ROOT; };
		5D07F94A130EFACD002BF2EE /* large1018.png */ = {isa = PBXFileReference; lastKnownFileType = image.png; path = large1018.png; sourceTree = SOURCE_ROOT; };
		5D07F94B130EFACD002BF2EE /* large1019.png */ = {isa = PBXFileReference; lastKnownFileType = image.png; path = large1019.png; sourceTree = SOURCE_ROOT; };
		5D07F94C130EFACD002BF2EE /* large1020.png */ = {isa = PBXFileReference; lastKnownFileType = image.png; path = large1020.png; sourceTree = SOURCE_ROOT; };
		5D07F94D130EFACD002BF2EE /* large1021.png */ = {isa = PBXFileReference; lastKnownFileType = image.png; path = large1021.png; sourceTree = SOURCE_ROOT; };
		5D07F94E130EFACD002BF2EE /* large1022.png */ = {isa = PBXFileReference; lastKnownFileType = image.png; path = large1022.png; sourceTree = SOURCE_ROOT; };
		5D07F94F130EFACD002BF2EE /* large1023.png */ = {isa = PBXFileReference; lastKnownFileType = image.png; path = large1023.png; sourceTree = SOURCE_ROOT; };
		5D07F950130EFACD002BF2EE /* large1024.png */ = {isa = PBXFileReference; lastKnownFileType = image.png; path = large1024.png; sourceTree = SOURCE_ROOT; };
		5D07F951130EFACD002BF2EE /* large1025.png */ = {isa = PBXFileReference; lastKnownFileType = image.png; path = large1025.png; sourceTree = SOURCE_ROOT; };
		5D07F952130EFACD002BF2EE /* large1026.png */ = {isa = PBXFileReference; lastKnownFileType = image.png; path = large1026.png; sourceTree = SOURCE_ROOT; };
		5D07F953130EFACD002BF2EE /* large1027.png */ = {isa = PBXFileReference; lastKnownFileType = image.png; path = large1027.png; sourceTree = SOURCE_ROOT; };
		5D2945A01318324F00B61B40 /* PartyAttendeeDetailsViewController.h */ = {isa = PBXFileReference; fileEncoding = 4; lastKnownFileType = sourcecode.c.h; path = PartyAttendeeDetailsViewController.h; sourceTree = "<group>"; };
		5D2945A11318324F00B61B40 /* PartyAttendeeDetailsViewController.m */ = {isa = PBXFileReference; fileEncoding = 4; lastKnownFileType = sourcecode.c.objc; path = PartyAttendeeDetailsViewController.m; sourceTree = "<group>"; };
		5D2945A21318324F00B61B40 /* PartyAttendeeDetailsViewController.xib */ = {isa = PBXFileReference; lastKnownFileType = file.xib; path = PartyAttendeeDetailsViewController.xib; sourceTree = "<group>"; };
		5D3E1C9E13159C4B001FA55C /* unselected.png */ = {isa = PBXFileReference; lastKnownFileType = image.png; name = unselected.png; path = /Volumes/Desktop/unselected.png; sourceTree = "<absolute>"; };
		5D3E1C9F13159C4B001FA55C /* selected.png */ = {isa = PBXFileReference; lastKnownFileType = image.png; name = selected.png; path = /Volumes/Desktop/selected.png; sourceTree = "<absolute>"; };
		5D3E1CA413159D10001FA55C /* disabled.png */ = {isa = PBXFileReference; lastKnownFileType = image.png; path = disabled.png; sourceTree = "<group>"; };
		5D3E1E031316B25A001FA55C /* MBProgressHUD.h */ = {isa = PBXFileReference; fileEncoding = 4; lastKnownFileType = sourcecode.c.h; path = MBProgressHUD.h; sourceTree = "<group>"; };
		5D3E1E041316B25A001FA55C /* MBProgressHUD.m */ = {isa = PBXFileReference; fileEncoding = 4; lastKnownFileType = sourcecode.c.objc; path = MBProgressHUD.m; sourceTree = "<group>"; };
		5D8C1E74131D7479009681AE /* Lootbag.xcdatamodel */ = {isa = PBXFileReference; fileEncoding = 4; lastKnownFileType = wrapper.xcdatamodel; path = Lootbag.xcdatamodel; sourceTree = "<group>"; };
		5D8C1E9C131D918D009681AE /* Party.m */ = {isa = PBXFileReference; fileEncoding = 4; lastKnownFileType = sourcecode.c.objc; path = Party.m; sourceTree = "<group>"; };
		5D8C1E9D131D918D009681AE /* Party.h */ = {isa = PBXFileReference; fileEncoding = 4; lastKnownFileType = sourcecode.c.h; path = Party.h; sourceTree = "<group>"; };
		5D8C1E9E131D918D009681AE /* Attendee.m */ = {isa = PBXFileReference; fileEncoding = 4; lastKnownFileType = sourcecode.c.objc; path = Attendee.m; sourceTree = "<group>"; };
		5D8C1E9F131D918D009681AE /* Attendee.h */ = {isa = PBXFileReference; fileEncoding = 4; lastKnownFileType = sourcecode.c.h; path = Attendee.h; sourceTree = "<group>"; };
		5D8C1EA0131D918D009681AE /* _Party.m */ = {isa = PBXFileReference; fileEncoding = 4; lastKnownFileType = sourcecode.c.objc; path = _Party.m; sourceTree = "<group>"; };
		5D8C1EA1131D918D009681AE /* _Party.h */ = {isa = PBXFileReference; fileEncoding = 4; lastKnownFileType = sourcecode.c.h; path = _Party.h; sourceTree = "<group>"; };
		5D8C1EA2131D918D009681AE /* _Attendee.h */ = {isa = PBXFileReference; fileEncoding = 4; lastKnownFileType = sourcecode.c.h; path = _Attendee.h; sourceTree = "<group>"; };
		5D8C1EA3131D918D009681AE /* _Attendee.m */ = {isa = PBXFileReference; fileEncoding = 4; lastKnownFileType = sourcecode.c.objc; path = _Attendee.m; sourceTree = "<group>"; };
		5D8C1EF4131D991F009681AE /* CoreData.framework */ = {isa = PBXFileReference; lastKnownFileType = wrapper.framework; name = CoreData.framework; path = System/Library/Frameworks/CoreData.framework; sourceTree = SDKROOT; };
		5D8C738213099D2300B16670 /* Default.png */ = {isa = PBXFileReference; lastKnownFileType = image.png; path = Default.png; sourceTree = "<group>"; };
		5D8C7431130B0E0A00B16670 /* PartyDateViewController.h */ = {isa = PBXFileReference; fileEncoding = 4; lastKnownFileType = sourcecode.c.h; path = PartyDateViewController.h; sourceTree = "<group>"; };
		5D8C7432130B0E0A00B16670 /* PartyDateViewController.m */ = {isa = PBXFileReference; fileEncoding = 4; lastKnownFileType = sourcecode.c.objc; path = PartyDateViewController.m; sourceTree = "<group>"; };
		5D8C7433130B0E0A00B16670 /* PartyDateViewController.xib */ = {isa = PBXFileReference; lastKnownFileType = file.xib; name = PartyDateViewController.xib; path = Classes/PartyDateViewController.xib; sourceTree = "<group>"; };
		5D8C7441130B100100B16670 /* PartyForViewController.h */ = {isa = PBXFileReference; fileEncoding = 4; lastKnownFileType = sourcecode.c.h; path = PartyForViewController.h; sourceTree = "<group>"; };
		5D8C7442130B100100B16670 /* PartyForViewController.m */ = {isa = PBXFileReference; fileEncoding = 4; lastKnownFileType = sourcecode.c.objc; path = PartyForViewController.m; sourceTree = "<group>"; };
		5D8C7443130B100100B16670 /* PartyForViewController.xib */ = {isa = PBXFileReference; lastKnownFileType = file.xib; name = PartyForViewController.xib; path = Classes/PartyForViewController.xib; sourceTree = "<group>"; };
		5D8C7458130B112300B16670 /* PartyAttendeesViewController.h */ = {isa = PBXFileReference; fileEncoding = 4; lastKnownFileType = sourcecode.c.h; path = PartyAttendeesViewController.h; sourceTree = "<group>"; };
		5D8C7459130B112300B16670 /* PartyAttendeesViewController.m */ = {isa = PBXFileReference; fileEncoding = 4; lastKnownFileType = sourcecode.c.objc; path = PartyAttendeesViewController.m; sourceTree = "<group>"; };
		5D8C745A130B112300B16670 /* PartyAttendeesViewController.xib */ = {isa = PBXFileReference; lastKnownFileType = file.xib; path = PartyAttendeesViewController.xib; sourceTree = "<group>"; };
		5D8C74B4130B1E7D00B16670 /* AddPartyGoerController.h */ = {isa = PBXFileReference; fileEncoding = 4; lastKnownFileType = sourcecode.c.h; path = AddPartyGoerController.h; sourceTree = "<group>"; };
		5D8C74B5130B1E7D00B16670 /* AddPartyGoerController.m */ = {isa = PBXFileReference; fileEncoding = 4; lastKnownFileType = sourcecode.c.objc; path = AddPartyGoerController.m; sourceTree = "<group>"; };
		5D8C74B6130B1E7D00B16670 /* AddPartyGoerController.xib */ = {isa = PBXFileReference; lastKnownFileType = file.xib; name = AddPartyGoerController.xib; path = Classes/AddPartyGoerController.xib; sourceTree = "<group>"; };
		5DB812981316E06000C1A6B2 /* done-button-teal.png */ = {isa = PBXFileReference; lastKnownFileType = image.png; path = "done-button-teal.png"; sourceTree = "<group>"; };
		5DB812991316E06000C1A6B2 /* done-button-pink.png */ = {isa = PBXFileReference; lastKnownFileType = image.png; path = "done-button-pink.png"; sourceTree = "<group>"; };
		5DB8129A1316E06000C1A6B2 /* done-button-purple.png */ = {isa = PBXFileReference; lastKnownFileType = image.png; path = "done-button-purple.png"; sourceTree = "<group>"; };
		5DB812B113170E6400C1A6B2 /* choose_a_design.png */ = {isa = PBXFileReference; lastKnownFileType = image.png; path = choose_a_design.png; sourceTree = "<group>"; };
		8D1107310486CEB800E47090 /* LootBagBuilder-Info.plist */ = {isa = PBXFileReference; fileEncoding = 4; lastKnownFileType = text.plist.xml; path = "LootBagBuilder-Info.plist"; plistStructureDefinitionIdentifier = "com.apple.xcode.plist.structure-definition.iphone.info-plist"; sourceTree = "<group>"; };
		D1173C1F13020EC100B0CF2A /* OrderViewController.h */ = {isa = PBXFileReference; fileEncoding = 4; lastKnownFileType = sourcecode.c.h; path = OrderViewController.h; sourceTree = "<group>"; };
		D1173C2013020EC100B0CF2A /* OrderViewController.m */ = {isa = PBXFileReference; fileEncoding = 4; lastKnownFileType = sourcecode.c.objc; path = OrderViewController.m; sourceTree = "<group>"; };
		D1173C2113020EC100B0CF2A /* OrderViewController.xib */ = {isa = PBXFileReference; lastKnownFileType = file.xib; path = OrderViewController.xib; sourceTree = "<group>"; };
		D1173C2B1302108100B0CF2A /* PartyListViewController.h */ = {isa = PBXFileReference; fileEncoding = 4; lastKnownFileType = sourcecode.c.h; path = PartyListViewController.h; sourceTree = "<group>"; };
		D1173C2C1302108100B0CF2A /* PartyListViewController.m */ = {isa = PBXFileReference; fileEncoding = 4; lastKnownFileType = sourcecode.c.objc; path = PartyListViewController.m; sourceTree = "<group>"; };
		D1173C2D1302108100B0CF2A /* PartyListViewController.xib */ = {isa = PBXFileReference; lastKnownFileType = file.xib; path = PartyListViewController.xib; sourceTree = "<group>"; };
		D1173CB313021AD200B0CF2A /* PartyDetailsViewController.h */ = {isa = PBXFileReference; fileEncoding = 4; lastKnownFileType = sourcecode.c.h; path = PartyDetailsViewController.h; sourceTree = "<group>"; };
		D1173CB413021AD200B0CF2A /* PartyDetailsViewController.m */ = {isa = PBXFileReference; fileEncoding = 4; lastKnownFileType = sourcecode.c.objc; path = PartyDetailsViewController.m; sourceTree = "<group>"; };
		D1173CB513021AD200B0CF2A /* PartyDetailsViewController.xib */ = {isa = PBXFileReference; lastKnownFileType = file.xib; path = PartyDetailsViewController.xib; sourceTree = "<group>"; };
/* End PBXFileReference section */

/* Begin PBXFrameworksBuildPhase section */
		1D60588F0D05DD3D006BFB54 /* Frameworks */ = {
			isa = PBXFrameworksBuildPhase;
			buildActionMask = 2147483647;
			files = (
				1D60589F0D05DD5A006BFB54 /* Foundation.framework in Frameworks */,
				1DF5F4E00D08C38300B7A737 /* UIKit.framework in Frameworks */,
				288765080DF74369002DB57D /* CoreGraphics.framework in Frameworks */,
				5D8C1EF5131D991F009681AE /* CoreData.framework in Frameworks */,
			);
			runOnlyForDeploymentPostprocessing = 0;
		};
/* End PBXFrameworksBuildPhase section */

/* Begin PBXGroup section */
		080E96DDFE201D6D7F000001 /* Classes */ = {
			isa = PBXGroup;
			children = (
				5D8C1E9C131D918D009681AE /* Party.m */,
				5D8C1E9D131D918D009681AE /* Party.h */,
				5D8C1E9E131D918D009681AE /* Attendee.m */,
				5D8C1E9F131D918D009681AE /* Attendee.h */,
				5D8C1EA0131D918D009681AE /* _Party.m */,
				5D8C1EA1131D918D009681AE /* _Party.h */,
				5D8C1EA2131D918D009681AE /* _Attendee.h */,
				5D8C1EA3131D918D009681AE /* _Attendee.m */,
				5D3E1E021316B23F001FA55C /* MBProgressHUD */,
				5D07F7A3130DCC43002BF2EE /* JPImagePicker */,
				1D3623240D0F684500981E51 /* LootBagBuilderAppDelegate.h */,
				1D3623250D0F684500981E51 /* LootBagBuilderAppDelegate.m */,
				D1173C1F13020EC100B0CF2A /* OrderViewController.h */,
				D1173C2013020EC100B0CF2A /* OrderViewController.m */,
				D1173C2113020EC100B0CF2A /* OrderViewController.xib */,
				D1173C2B1302108100B0CF2A /* PartyListViewController.h */,
				D1173C2C1302108100B0CF2A /* PartyListViewController.m */,
				D1173C2D1302108100B0CF2A /* PartyListViewController.xib */,
				D1173CB313021AD200B0CF2A /* PartyDetailsViewController.h */,
				D1173CB413021AD200B0CF2A /* PartyDetailsViewController.m */,
				D1173CB513021AD200B0CF2A /* PartyDetailsViewController.xib */,
				5D8C7431130B0E0A00B16670 /* PartyDateViewController.h */,
				5D8C7432130B0E0A00B16670 /* PartyDateViewController.m */,
				5D8C7441130B100100B16670 /* PartyForViewController.h */,
				5D8C7442130B100100B16670 /* PartyForViewController.m */,
				5D8C7458130B112300B16670 /* PartyAttendeesViewController.h */,
				5D8C7459130B112300B16670 /* PartyAttendeesViewController.m */,
				5D8C745A130B112300B16670 /* PartyAttendeesViewController.xib */,
				5D8C74B4130B1E7D00B16670 /* AddPartyGoerController.h */,
				5D8C74B5130B1E7D00B16670 /* AddPartyGoerController.m */,
				5D2945A01318324F00B61B40 /* PartyAttendeeDetailsViewController.h */,
				5D2945A11318324F00B61B40 /* PartyAttendeeDetailsViewController.m */,
				5D2945A21318324F00B61B40 /* PartyAttendeeDetailsViewController.xib */,
			);
			path = Classes;
			sourceTree = "<group>";
		};
		19C28FACFE9D520D11CA2CBB /* Products */ = {
			isa = PBXGroup;
			children = (
				1D6058910D05DD3D006BFB54 /* LootBagBuilder.app */,
			);
			name = Products;
			sourceTree = "<group>";
		};
		29B97314FDCFA39411CA2CEA /* LootBagBuilder */ = {
			isa = PBXGroup;
			children = (
				080E96DDFE201D6D7F000001 /* Classes */,
				29B97315FDCFA39411CA2CEA /* Other Sources */,
				29B97317FDCFA39411CA2CEA /* Resources */,
				29B97323FDCFA39411CA2CEA /* Frameworks */,
				19C28FACFE9D520D11CA2CBB /* Products */,
				5D8C1E74131D7479009681AE /* Lootbag.xcdatamodel */,
				5D8C1EF4131D991F009681AE /* CoreData.framework */,
			);
			name = LootBagBuilder;
			sourceTree = "<group>";
		};
		29B97315FDCFA39411CA2CEA /* Other Sources */ = {
			isa = PBXGroup;
			children = (
				28A0AB4B0D9B1048005BE974 /* LootBagBuilder_Prefix.pch */,
				29B97316FDCFA39411CA2CEA /* main.m */,
			);
			name = "Other Sources";
			sourceTree = "<group>";
		};
		29B97317FDCFA39411CA2CEA /* Resources */ = {
			isa = PBXGroup;
			children = (
				5DB812B113170E6400C1A6B2 /* choose_a_design.png */,
				5DB812981316E06000C1A6B2 /* done-button-teal.png */,
				5DB812991316E06000C1A6B2 /* done-button-pink.png */,
				5DB8129A1316E06000C1A6B2 /* done-button-purple.png */,
				5D3E1CA413159D10001FA55C /* disabled.png */,
				5D3E1C9E13159C4B001FA55C /* unselected.png */,
				5D3E1C9F13159C4B001FA55C /* selected.png */,
				5D07F7DA130ED923002BF2EE /* Icons */,
				5D8C74B6130B1E7D00B16670 /* AddPartyGoerController.xib */,
				5D8C7433130B0E0A00B16670 /* PartyDateViewController.xib */,
				5D8C7443130B100100B16670 /* PartyForViewController.xib */,
				5D8C738213099D2300B16670 /* Default.png */,
				28AD73870D9D96C1002E5188 /* MainWindow.xib */,
				8D1107310486CEB800E47090 /* LootBagBuilder-Info.plist */,
			);
			name = Resources;
			sourceTree = "<group>";
		};
		29B97323FDCFA39411CA2CEA /* Frameworks */ = {
			isa = PBXGroup;
			children = (
				1DF5F4DF0D08C38300B7A737 /* UIKit.framework */,
				1D30AB110D05D00D00671497 /* Foundation.framework */,
				288765070DF74369002DB57D /* CoreGraphics.framework */,
			);
			name = Frameworks;
			sourceTree = "<group>";
		};
		5D07F7A3130DCC43002BF2EE /* JPImagePicker */ = {
			isa = PBXGroup;
			children = (
				5D07F7A7130DCC84002BF2EE /* JPImagePickerController.h */,
				5D07F7A8130DCC84002BF2EE /* JPImagePickerController.m */,
				5D07F7A9130DCC84002BF2EE /* JPImagePickerDetailController.h */,
				5D07F7AA130DCC84002BF2EE /* JPImagePickerDetailController.m */,
				5D07F7AB130DCC84002BF2EE /* JPImagePickerDetailController.xib */,
				5D07F7AC130DCC84002BF2EE /* JPImagePickerOverviewController.h */,
				5D07F7AD130DCC84002BF2EE /* JPImagePickerOverviewController.m */,
				5D07F7AE130DCC84002BF2EE /* JPImagePickerOverviewController.xib */,
				5D07F7AF130DCC84002BF2EE /* UIImageResizing.h */,
				5D07F7B0130DCC84002BF2EE /* UIImageResizing.m */,
			);
			name = JPImagePicker;
			sourceTree = "<group>";
		};
		5D07F7DA130ED923002BF2EE /* Icons */ = {
			isa = PBXGroup;
			children = (
				5D07F939130EFACD002BF2EE /* large1001.png */,
				5D07F93A130EFACD002BF2EE /* large1002.png */,
				5D07F93B130EFACD002BF2EE /* large1003.png */,
				5D07F93C130EFACD002BF2EE /* large1004.png */,
				5D07F93D130EFACD002BF2EE /* large1005.png */,
				5D07F93E130EFACD002BF2EE /* large1006.png */,
				5D07F93F130EFACD002BF2EE /* large1007.png */,
				5D07F940130EFACD002BF2EE /* large1008.png */,
				5D07F941130EFACD002BF2EE /* large1009.png */,
				5D07F942130EFACD002BF2EE /* large1010.png */,
				5D07F943130EFACD002BF2EE /* large1011.png */,
				5D07F944130EFACD002BF2EE /* large1012.png */,
				5D07F945130EFACD002BF2EE /* large1013.png */,
				5D07F946130EFACD002BF2EE /* large1014.png */,
				5D07F947130EFACD002BF2EE /* large1015.png */,
				5D07F948130EFACD002BF2EE /* large1016.png */,
				5D07F949130EFACD002BF2EE /* large1017.png */,
				5D07F94A130EFACD002BF2EE /* large1018.png */,
				5D07F94B130EFACD002BF2EE /* large1019.png */,
				5D07F94C130EFACD002BF2EE /* large1020.png */,
				5D07F94D130EFACD002BF2EE /* large1021.png */,
				5D07F94E130EFACD002BF2EE /* large1022.png */,
				5D07F94F130EFACD002BF2EE /* large1023.png */,
				5D07F950130EFACD002BF2EE /* large1024.png */,
				5D07F951130EFACD002BF2EE /* large1025.png */,
				5D07F952130EFACD002BF2EE /* large1026.png */,
				5D07F953130EFACD002BF2EE /* large1027.png */,
				5D07F8E0130EE43E002BF2EE /* icon1001.png */,
				5D07F8E1130EE43E002BF2EE /* icon1002.png */,
				5D07F8E2130EE43E002BF2EE /* icon1003.png */,
				5D07F8E3130EE43E002BF2EE /* icon1004.png */,
				5D07F8E4130EE43E002BF2EE /* icon1005.png */,
				5D07F8E5130EE43E002BF2EE /* icon1006.png */,
				5D07F8E6130EE43E002BF2EE /* icon1007.png */,
				5D07F8E7130EE43E002BF2EE /* icon1008.png */,
				5D07F8E8130EE43E002BF2EE /* icon1009.png */,
				5D07F8E9130EE43E002BF2EE /* icon1010.png */,
				5D07F8EA130EE43E002BF2EE /* icon1011.png */,
				5D07F8EB130EE43E002BF2EE /* icon1012.png */,
				5D07F8EC130EE43E002BF2EE /* icon1014.png */,
				5D07F8ED130EE43E002BF2EE /* icon1015.png */,
				5D07F8EE130EE43E002BF2EE /* icon1016.png */,
				5D07F8EF130EE43E002BF2EE /* icon1017.png */,
				5D07F8F0130EE43E002BF2EE /* icon1018.png */,
				5D07F8F1130EE43E002BF2EE /* icon1019.png */,
				5D07F8F2130EE43E002BF2EE /* icon1020.png */,
				5D07F8F3130EE43E002BF2EE /* icon1021.png */,
				5D07F8F4130EE43E002BF2EE /* icon1022.png */,
				5D07F8F5130EE43E002BF2EE /* icon1023.png */,
				5D07F8F6130EE43E002BF2EE /* icon1024.png */,
				5D07F8F7130EE43E002BF2EE /* icon1025.png */,
				5D07F8F8130EE43E002BF2EE /* icon1026.png */,
				5D07F8F9130EE43E002BF2EE /* icon1027.png */,
				5D07F8FA130EE43E002BF2EE /* icon1013.png */,
			);
			name = Icons;
			sourceTree = "<group>";
		};
		5D3E1E021316B23F001FA55C /* MBProgressHUD */ = {
			isa = PBXGroup;
			children = (
				5D3E1E031316B25A001FA55C /* MBProgressHUD.h */,
				5D3E1E041316B25A001FA55C /* MBProgressHUD.m */,
			);
			name = MBProgressHUD;
			sourceTree = "<group>";
		};
/* End PBXGroup section */

/* Begin PBXNativeTarget section */
		1D6058900D05DD3D006BFB54 /* LootBagBuilder */ = {
			isa = PBXNativeTarget;
			buildConfigurationList = 1D6058960D05DD3E006BFB54 /* Build configuration list for PBXNativeTarget "LootBagBuilder" */;
			buildPhases = (
				1D60588D0D05DD3D006BFB54 /* Resources */,
				1D60588E0D05DD3D006BFB54 /* Sources */,
				1D60588F0D05DD3D006BFB54 /* Frameworks */,
			);
			buildRules = (
			);
			dependencies = (
			);
			name = LootBagBuilder;
			productName = LootBagBuilder;
			productReference = 1D6058910D05DD3D006BFB54 /* LootBagBuilder.app */;
			productType = "com.apple.product-type.application";
		};
/* End PBXNativeTarget section */

/* Begin PBXProject section */
		29B97313FDCFA39411CA2CEA /* Project object */ = {
			isa = PBXProject;
			buildConfigurationList = C01FCF4E08A954540054247B /* Build configuration list for PBXProject "LootBagBuilder" */;
			compatibilityVersion = "Xcode 3.1";
			developmentRegion = English;
			hasScannedForEncodings = 1;
			knownRegions = (
				English,
				Japanese,
				French,
				German,
			);
			mainGroup = 29B97314FDCFA39411CA2CEA /* LootBagBuilder */;
			projectDirPath = "";
			projectRoot = "";
			targets = (
				1D6058900D05DD3D006BFB54 /* LootBagBuilder */,
			);
		};
/* End PBXProject section */

/* Begin PBXResourcesBuildPhase section */
		1D60588D0D05DD3D006BFB54 /* Resources */ = {
			isa = PBXResourcesBuildPhase;
			buildActionMask = 2147483647;
			files = (
				28AD73880D9D96C1002E5188 /* MainWindow.xib in Resources */,
				D1173C2313020EC100B0CF2A /* OrderViewController.xib in Resources */,
				D1173C2F1302108100B0CF2A /* PartyListViewController.xib in Resources */,
				D1173CB713021AD200B0CF2A /* PartyDetailsViewController.xib in Resources */,
				5D8C738313099D2300B16670 /* Default.png in Resources */,
				5D8C7435130B0E0B00B16670 /* PartyDateViewController.xib in Resources */,
				5D8C7445130B100100B16670 /* PartyForViewController.xib in Resources */,
				5D8C745C130B112300B16670 /* PartyAttendeesViewController.xib in Resources */,
				5D8C74B8130B1E7D00B16670 /* AddPartyGoerController.xib in Resources */,
				5D07F7B3130DCC84002BF2EE /* JPImagePickerDetailController.xib in Resources */,
				5D07F7B5130DCC84002BF2EE /* JPImagePickerOverviewController.xib in Resources */,
				5D07F8FB130EE43E002BF2EE /* icon1001.png in Resources */,
				5D07F8FC130EE43E002BF2EE /* icon1002.png in Resources */,
				5D07F8FD130EE43E002BF2EE /* icon1003.png in Resources */,
				5D07F8FE130EE43E002BF2EE /* icon1004.png in Resources */,
				5D07F8FF130EE43E002BF2EE /* icon1005.png in Resources */,
				5D07F900130EE43E002BF2EE /* icon1006.png in Resources */,
				5D07F901130EE43E002BF2EE /* icon1007.png in Resources */,
				5D07F902130EE43E002BF2EE /* icon1008.png in Resources */,
				5D07F903130EE43E002BF2EE /* icon1009.png in Resources */,
				5D07F904130EE43E002BF2EE /* icon1010.png in Resources */,
				5D07F905130EE43E002BF2EE /* icon1011.png in Resources */,
				5D07F906130EE43E002BF2EE /* icon1012.png in Resources */,
				5D07F907130EE43E002BF2EE /* icon1014.png in Resources */,
				5D07F908130EE43E002BF2EE /* icon1015.png in Resources */,
				5D07F909130EE43E002BF2EE /* icon1016.png in Resources */,
				5D07F90A130EE43E002BF2EE /* icon1017.png in Resources */,
				5D07F90B130EE43E002BF2EE /* icon1018.png in Resources */,
				5D07F90C130EE43E002BF2EE /* icon1019.png in Resources */,
				5D07F90D130EE43E002BF2EE /* icon1020.png in Resources */,
				5D07F90E130EE43E002BF2EE /* icon1021.png in Resources */,
				5D07F90F130EE43E002BF2EE /* icon1022.png in Resources */,
				5D07F910130EE43E002BF2EE /* icon1023.png in Resources */,
				5D07F911130EE43E002BF2EE /* icon1024.png in Resources */,
				5D07F912130EE43E002BF2EE /* icon1025.png in Resources */,
				5D07F913130EE43E002BF2EE /* icon1026.png in Resources */,
				5D07F914130EE43E002BF2EE /* icon1027.png in Resources */,
				5D07F915130EE43E002BF2EE /* icon1013.png in Resources */,
				5D07F954130EFACD002BF2EE /* large1001.png in Resources */,
				5D07F955130EFACD002BF2EE /* large1002.png in Resources */,
				5D07F956130EFACD002BF2EE /* large1003.png in Resources */,
				5D07F957130EFACD002BF2EE /* large1004.png in Resources */,
				5D07F958130EFACD002BF2EE /* large1005.png in Resources */,
				5D07F959130EFACD002BF2EE /* large1006.png in Resources */,
				5D07F95A130EFACD002BF2EE /* large1007.png in Resources */,
				5D07F95B130EFACD002BF2EE /* large1008.png in Resources */,
				5D07F95C130EFACD002BF2EE /* large1009.png in Resources */,
				5D07F95D130EFACD002BF2EE /* large1010.png in Resources */,
				5D07F95E130EFACD002BF2EE /* large1011.png in Resources */,
				5D07F95F130EFACD002BF2EE /* large1012.png in Resources */,
				5D07F960130EFACD002BF2EE /* large1013.png in Resources */,
				5D07F961130EFACD002BF2EE /* large1014.png in Resources */,
				5D07F962130EFACD002BF2EE /* large1015.png in Resources */,
				5D07F963130EFACD002BF2EE /* large1016.png in Resources */,
				5D07F964130EFACD002BF2EE /* large1017.png in Resources */,
				5D07F965130EFACD002BF2EE /* large1018.png in Resources */,
				5D07F966130EFACD002BF2EE /* large1019.png in Resources */,
				5D07F967130EFACD002BF2EE /* large1020.png in Resources */,
				5D07F968130EFACD002BF2EE /* large1021.png in Resources */,
				5D07F969130EFACD002BF2EE /* large1022.png in Resources */,
				5D07F96A130EFACD002BF2EE /* large1023.png in Resources */,
				5D07F96B130EFACD002BF2EE /* large1024.png in Resources */,
				5D07F96C130EFACD002BF2EE /* large1025.png in Resources */,
				5D07F96D130EFACD002BF2EE /* large1026.png in Resources */,
				5D07F96E130EFACD002BF2EE /* large1027.png in Resources */,
				5D3E1CA013159C4B001FA55C /* unselected.png in Resources */,
				5D3E1CA113159C4B001FA55C /* selected.png in Resources */,
				5D3E1CA513159D10001FA55C /* disabled.png in Resources */,
				5DB8129B1316E06000C1A6B2 /* done-button-teal.png in Resources */,
				5DB8129C1316E06000C1A6B2 /* done-button-pink.png in Resources */,
				5DB8129D1316E06000C1A6B2 /* done-button-purple.png in Resources */,
				5DB812B213170E6400C1A6B2 /* choose_a_design.png in Resources */,
				5D2945A41318324F00B61B40 /* PartyAttendeeDetailsViewController.xib in Resources */,
			);
			runOnlyForDeploymentPostprocessing = 0;
		};
/* End PBXResourcesBuildPhase section */

/* Begin PBXSourcesBuildPhase section */
		1D60588E0D05DD3D006BFB54 /* Sources */ = {
			isa = PBXSourcesBuildPhase;
			buildActionMask = 2147483647;
			files = (
				1D60589B0D05DD56006BFB54 /* main.m in Sources */,
				1D3623260D0F684500981E51 /* LootBagBuilderAppDelegate.m in Sources */,
				D1173C2213020EC100B0CF2A /* OrderViewController.m in Sources */,
				D1173C2E1302108100B0CF2A /* PartyListViewController.m in Sources */,
				D1173CB613021AD200B0CF2A /* PartyDetailsViewController.m in Sources */,
				5D8C7434130B0E0A00B16670 /* PartyDateViewController.m in Sources */,
				5D8C7444130B100100B16670 /* PartyForViewController.m in Sources */,
				5D8C745B130B112300B16670 /* PartyAttendeesViewController.m in Sources */,
				5D8C74B7130B1E7D00B16670 /* AddPartyGoerController.m in Sources */,
				5D07F7B1130DCC84002BF2EE /* JPImagePickerController.m in Sources */,
				5D07F7B2130DCC84002BF2EE /* JPImagePickerDetailController.m in Sources */,
				5D07F7B4130DCC84002BF2EE /* JPImagePickerOverviewController.m in Sources */,
				5D07F7B6130DCC84002BF2EE /* UIImageResizing.m in Sources */,
				5D3E1E051316B25A001FA55C /* MBProgressHUD.m in Sources */,
				5D2945A31318324F00B61B40 /* PartyAttendeeDetailsViewController.m in Sources */,
				5D8C1E75131D7479009681AE /* Lootbag.xcdatamodel in Sources */,
				5D8C1EA4131D918D009681AE /* Party.m in Sources */,
				5D8C1EA5131D918D009681AE /* Attendee.m in Sources */,
				5D8C1EA6131D918D009681AE /* _Party.m in Sources */,
				5D8C1EA7131D918D009681AE /* _Attendee.m in Sources */,
			);
			runOnlyForDeploymentPostprocessing = 0;
		};
/* End PBXSourcesBuildPhase section */

/* Begin XCBuildConfiguration section */
		1D6058940D05DD3E006BFB54 /* Debug */ = {
			isa = XCBuildConfiguration;
			buildSettings = {
				ALWAYS_SEARCH_USER_PATHS = NO;
				COPY_PHASE_STRIP = NO;
				GCC_DYNAMIC_NO_PIC = NO;
				GCC_OPTIMIZATION_LEVEL = 0;
				GCC_PRECOMPILE_PREFIX_HEADER = YES;
				GCC_PREFIX_HEADER = LootBagBuilder_Prefix.pch;
				INFOPLIST_FILE = "LootBagBuilder-Info.plist";
				PRODUCT_NAME = LootBagBuilder;
			};
			name = Debug;
		};
		1D6058950D05DD3E006BFB54 /* Release */ = {
			isa = XCBuildConfiguration;
			buildSettings = {
				ALWAYS_SEARCH_USER_PATHS = NO;
				COPY_PHASE_STRIP = YES;
				GCC_PRECOMPILE_PREFIX_HEADER = YES;
				GCC_PREFIX_HEADER = LootBagBuilder_Prefix.pch;
				INFOPLIST_FILE = "LootBagBuilder-Info.plist";
				PRODUCT_NAME = LootBagBuilder;
				VALIDATE_PRODUCT = YES;
			};
			name = Release;
		};
		C01FCF4F08A954540054247B /* Debug */ = {
			isa = XCBuildConfiguration;
			buildSettings = {
				ARCHS = "$(ARCHS_STANDARD_32_BIT)";
				"CODE_SIGN_IDENTITY[sdk=iphoneos*]" = "Don't Code Sign";
				GCC_C_LANGUAGE_STANDARD = c99;
				GCC_WARN_ABOUT_RETURN_TYPE = YES;
				GCC_WARN_UNUSED_VARIABLE = YES;
				PREBINDING = NO;
				SDKROOT = iphonesimulator4.1;
			};
			name = Debug;
		};
		C01FCF5008A954540054247B /* Release */ = {
			isa = XCBuildConfiguration;
			buildSettings = {
				ARCHS = "$(ARCHS_STANDARD_32_BIT)";
				"CODE_SIGN_IDENTITY[sdk=iphoneos*]" = "Don't Code Sign";
				GCC_C_LANGUAGE_STANDARD = c99;
				GCC_WARN_ABOUT_RETURN_TYPE = YES;
				GCC_WARN_UNUSED_VARIABLE = YES;
				OTHER_CFLAGS = "-DNS_BLOCK_ASSERTIONS=1";
				PREBINDING = NO;
				SDKROOT = iphonesimulator4.1;
			};
			name = Release;
		};
/* End XCBuildConfiguration section */

/* Begin XCConfigurationList section */
		1D6058960D05DD3E006BFB54 /* Build configuration list for PBXNativeTarget "LootBagBuilder" */ = {
			isa = XCConfigurationList;
			buildConfigurations = (
				1D6058940D05DD3E006BFB54 /* Debug */,
				1D6058950D05DD3E006BFB54 /* Release */,
			);
			defaultConfigurationIsVisible = 0;
			defaultConfigurationName = Release;
		};
		C01FCF4E08A954540054247B /* Build configuration list for PBXProject "LootBagBuilder" */ = {
			isa = XCConfigurationList;
			buildConfigurations = (
				C01FCF4F08A954540054247B /* Debug */,
				C01FCF5008A954540054247B /* Release */,
			);
			defaultConfigurationIsVisible = 0;
			defaultConfigurationName = Release;
		};
/* End XCConfigurationList section */
	};
	rootObject = 29B97313FDCFA39411CA2CEA /* Project object */;
}
